
Microsoft Visual Studio Solution File, Format Version 12.00
# Visual Studio Version 16
VisualStudioVersion = 16.0.30907.101
MinimumVisualStudioVersion = 10.0.40219.1
Project("{FAE04EC0-301F-11D3-BF4B-00C04F79EFBC}") = "harmonicus", "harmonicus\harmonicus.csproj", "{79575EF7-9783-4CD9-A9CA-96F5BDF991E7}"
EndProject
Global
	GlobalSection(SolutionConfigurationPlatforms) = preSolution
		Debug|Any CPU = Debug|Any CPU
		Release|Any CPU = Release|Any CPU
	EndGlobalSection
	GlobalSection(ProjectConfigurationPlatforms) = postSolution
		{79575EF7-9783-4CD9-A9CA-96F5BDF991E7}.Debug|Any CPU.ActiveCfg = Debug|Any CPU
		{79575EF7-9783-4CD9-A9CA-96F5BDF991E7}.Debug|Any CPU.Build.0 = Debug|Any CPU
		{79575EF7-9783-4CD9-A9CA-96F5BDF991E7}.Release|Any CPU.ActiveCfg = Release|Any CPU
		{79575EF7-9783-4CD9-A9CA-96F5BDF991E7}.Release|Any CPU.Build.0 = Release|Any CPU
	EndGlobalSection
	GlobalSection(SolutionProperties) = preSolution
		HideSolutionNode = FALSE
	EndGlobalSection
	GlobalSection(ExtensibilityGlobals) = postSolution
		SolutionGuid = {B5E5EF26-9555-4766-A68C-8B34ADF2B37F}
	EndGlobalSection
EndGlobal
